
Microsoft Visual Studio Solution File, Format Version 12.00
# Visual Studio 15
VisualStudioVersion = 15.0.28307.1259
MinimumVisualStudioVersion = 10.0.40219.1
Project("{FAE04EC0-301F-11D3-BF4B-00C04F79EFBC}") = "oPatcher", "oPatcher\oPatcher.csproj", "{56340503-8A7C-4B24-A364-4A622BFB3D74}"
EndProject
Global
	GlobalSection(SolutionConfigurationPlatforms) = preSolution
		Debug|Any CPU = Debug|Any CPU
		Release|Any CPU = Release|Any CPU
	EndGlobalSection
	GlobalSection(ProjectConfigurationPlatforms) = postSolution
		{56340503-8A7C-4B24-A364-4A622BFB3D74}.Debug|Any CPU.ActiveCfg = Debug|Any CPU
		{56340503-8A7C-4B24-A364-4A622BFB3D74}.Debug|Any CPU.Build.0 = Debug|Any CPU
		{56340503-8A7C-4B24-A364-4A622BFB3D74}.Release|Any CPU.ActiveCfg = Release|Any CPU
		{56340503-8A7C-4B24-A364-4A622BFB3D74}.Release|Any CPU.Build.0 = Release|Any CPU
	EndGlobalSection
	GlobalSection(SolutionProperties) = preSolution
		HideSolutionNode = FALSE
	EndGlobalSection
	GlobalSection(ExtensibilityGlobals) = postSolution
		SolutionGuid = {B667D283-FE17-46D1-AE38-051B2FDD29FE}
	EndGlobalSection
EndGlobal
